
Microsoft Visual Studio Solution File, Format Version 12.00
# Visual Studio Version 16
VisualStudioVersion = 16.0.30907.101
MinimumVisualStudioVersion = 10.0.40219.1
Project("{FAE04EC0-301F-11D3-BF4B-00C04F79EFBC}") = "C_Code", "C_Code.csproj", "{ED943831-14DA-4ABF-ACB2-977A48867B40}"
EndProject
Global
	GlobalSection(SolutionConfigurationPlatforms) = preSolution
		Debug|Any CPU = Debug|Any CPU
		Release|Any CPU = Release|Any CPU
	EndGlobalSection
	GlobalSection(ProjectConfigurationPlatforms) = postSolution
		{ED943831-14DA-4ABF-ACB2-977A48867B40}.Debug|Any CPU.ActiveCfg = Debug|Any CPU
		{ED943831-14DA-4ABF-ACB2-977A48867B40}.Debug|Any CPU.Build.0 = Debug|Any CPU
		{ED943831-14DA-4ABF-ACB2-977A48867B40}.Release|Any CPU.ActiveCfg = Release|Any CPU
		{ED943831-14DA-4ABF-ACB2-977A48867B40}.Release|Any CPU.Build.0 = Release|Any CPU
	EndGlobalSection
	GlobalSection(SolutionProperties) = preSolution
		HideSolutionNode = FALSE
	EndGlobalSection
	GlobalSection(ExtensibilityGlobals) = postSolution
		SolutionGuid = {11C381BB-851A-479D-93D4-AA7C7B4C669C}
	EndGlobalSection
EndGlobal
